
Microsoft Visual Studio Solution File, Format Version 12.00
# Visual Studio Version 17
VisualStudioVersion = 17.4.33205.214
MinimumVisualStudioVersion = 10.0.40219.1
Project("{FAE04EC0-301F-11D3-BF4B-00C04F79EFBC}") = "Catch the Formula", "Catch the Formula\Catch the Formula.csproj", "{C6AB08F0-3F69-4C91-8574-46F7D1C7F673}"
EndProject
Global
	GlobalSection(SolutionConfigurationPlatforms) = preSolution
		Debug|Any CPU = Debug|Any CPU
		Release|Any CPU = Release|Any CPU
	EndGlobalSection
	GlobalSection(ProjectConfigurationPlatforms) = postSolution
		{C6AB08F0-3F69-4C91-8574-46F7D1C7F673}.Debug|Any CPU.ActiveCfg = Debug|Any CPU
		{C6AB08F0-3F69-4C91-8574-46F7D1C7F673}.Debug|Any CPU.Build.0 = Debug|Any CPU
		{C6AB08F0-3F69-4C91-8574-46F7D1C7F673}.Release|Any CPU.ActiveCfg = Release|Any CPU
		{C6AB08F0-3F69-4C91-8574-46F7D1C7F673}.Release|Any CPU.Build.0 = Release|Any CPU
	EndGlobalSection
	GlobalSection(SolutionProperties) = preSolution
		HideSolutionNode = FALSE
	EndGlobalSection
	GlobalSection(ExtensibilityGlobals) = postSolution
		SolutionGuid = {04C39192-BFEA-49F1-B9D8-4D96FC199E0E}
	EndGlobalSection
EndGlobal
